// !$*UTF8*$!
{
	archiveVersion = 1;
	classes = {
	};
	objectVersion = 63;
	objects = {

/* Begin PBXBuildFile section */
		1148546927487E40004BC904 /* place_viewApp.swift in Sources */ = {isa = PBXBuildFile; fileRef = 1148546827487E40004BC904 /* place_viewApp.swift */; };
		1148546B27487E40004BC904 /* ContentView.swift in Sources */ = {isa = PBXBuildFile; fileRef = 1148546A27487E40004BC904 /* ContentView.swift */; };
		1148546D27487E41004BC904 /* Assets.xcassets in Resources */ = {isa = PBXBuildFile; fileRef = 1148546C27487E41004BC904 /* Assets.xcassets */; };
		1148547027487E41004BC904 /* Preview Assets.xcassets in Resources */ = {isa = PBXBuildFile; fileRef = 1148546F27487E41004BC904 /* Preview Assets.xcassets */; };
		1148547A27487E42004BC904 /* place_viewTests.swift in Sources */ = {isa = PBXBuildFile; fileRef = 1148547927487E42004BC904 /* place_viewTests.swift */; };
		1148548427487E42004BC904 /* place_viewUITests.swift in Sources */ = {isa = PBXBuildFile; fileRef = 1148548327487E42004BC904 /* place_viewUITests.swift */; };
		1148548627487E42004BC904 /* place_viewUITestsLaunchTests.swift in Sources */ = {isa = PBXBuildFile; fileRef = 1148548527487E42004BC904 /* place_viewUITestsLaunchTests.swift */; };
		1148549627488055004BC904 /* Place.swift in Sources */ = {isa = PBXBuildFile; fileRef = 1148549527488055004BC904 /* Place.swift */; };
		115AF1C9275098F9005533EB /* WebcamView.swift in Sources */ = {isa = PBXBuildFile; fileRef = 115AF1C8275098F9005533EB /* WebcamView.swift */; };
		11BBD001275FE8BC00AD091A /* PlaceFavorites.swift in Sources */ = {isa = PBXBuildFile; fileRef = 11BBD000275FE8BC00AD091A /* PlaceFavorites.swift */; };
		11BE7E84274D258F00D3FA6B /* PlaceNavigation.swift in Sources */ = {isa = PBXBuildFile; fileRef = 11BE7E83274D258F00D3FA6B /* PlaceNavigation.swift */; };
		11C465722759F0F900C390DC /* WebcamThumbnail.swift in Sources */ = {isa = PBXBuildFile; fileRef = 11C465712759F0F900C390DC /* WebcamThumbnail.swift */; };
		11C5EE85275C993800A0EBC7 /* FavoriteButton.swift in Sources */ = {isa = PBXBuildFile; fileRef = 11C5EE84275C993800A0EBC7 /* FavoriteButton.swift */; };
		11CC9D43274CD506003280A9 /* PlaceRow.swift in Sources */ = {isa = PBXBuildFile; fileRef = 11CC9D42274CD506003280A9 /* PlaceRow.swift */; };
		11E65F66274A289800A70C0A /* MapView.swift in Sources */ = {isa = PBXBuildFile; fileRef = 11E65F65274A289800A70C0A /* MapView.swift */; };
		11E65F69274A2A0300A70C0A /* PlaceView.swift in Sources */ = {isa = PBXBuildFile; fileRef = 11E65F68274A2A0300A70C0A /* PlaceView.swift */; };
		11E65F6B274A2C5100A70C0A /* places.json in Resources */ = {isa = PBXBuildFile; fileRef = 11E65F6A274A2C5100A70C0A /* places.json */; };
		C40497202793F6DB003F9B6A /* Kingfisher in Frameworks */ = {isa = PBXBuildFile; productRef = C404971F2793F6DB003F9B6A /* Kingfisher */; };
		C404972227948D2A003F9B6A /* SettingsSheet.swift in Sources */ = {isa = PBXBuildFile; fileRef = C404972127948D2A003F9B6A /* SettingsSheet.swift */; };
		C4BA0B4C2790BB8F00D23171 /* PlaceFetcher.swift in Sources */ = {isa = PBXBuildFile; fileRef = C4BA0B4B2790BB8F00D23171 /* PlaceFetcher.swift */; };
		C4BA0B4F2790BBEE00D23171 /* ApiClient.swift in Sources */ = {isa = PBXBuildFile; fileRef = C4BA0B4E2790BBEE00D23171 /* ApiClient.swift */; };
		C4BA0B512790BC2A00D23171 /* ApiError.swift in Sources */ = {isa = PBXBuildFile; fileRef = C4BA0B502790BC2A00D23171 /* ApiError.swift */; };
		C4BA0B532790BD8700D23171 /* ErrorView.swift in Sources */ = {isa = PBXBuildFile; fileRef = C4BA0B522790BD8700D23171 /* ErrorView.swift */; };
		C4BA0B552790BD9700D23171 /* LoadingView.swift in Sources */ = {isa = PBXBuildFile; fileRef = C4BA0B542790BD9700D23171 /* LoadingView.swift */; };
		C4C7AA5027989A14002C40C4 /* PlaceViewModel.swift in Sources */ = {isa = PBXBuildFile; fileRef = C4C7AA4F27989A14002C40C4 /* PlaceViewModel.swift */; };
/* End PBXBuildFile section */

/* Begin PBXContainerItemProxy section */
		1148547627487E42004BC904 /* PBXContainerItemProxy */ = {
			isa = PBXContainerItemProxy;
			containerPortal = 1148545D27487E3F004BC904 /* Project object */;
			proxyType = 1;
			remoteGlobalIDString = 1148546427487E3F004BC904;
			remoteInfo = "place-view";
		};
		1148548027487E42004BC904 /* PBXContainerItemProxy */ = {
			isa = PBXContainerItemProxy;
			containerPortal = 1148545D27487E3F004BC904 /* Project object */;
			proxyType = 1;
			remoteGlobalIDString = 1148546427487E3F004BC904;
			remoteInfo = "place-view";
		};
/* End PBXContainerItemProxy section */

/* Begin PBXFileReference section */
		1111511D2748D8C800537021 /* Readme.md */ = {isa = PBXFileReference; lastKnownFileType = net.daringfireball.markdown; path = Readme.md; sourceTree = "<group>"; };
		1148546527487E3F004BC904 /* place-view.app */ = {isa = PBXFileReference; explicitFileType = wrapper.application; includeInIndex = 0; path = "place-view.app"; sourceTree = BUILT_PRODUCTS_DIR; };
		1148546827487E40004BC904 /* place_viewApp.swift */ = {isa = PBXFileReference; lastKnownFileType = sourcecode.swift; path = place_viewApp.swift; sourceTree = "<group>"; };
		1148546A27487E40004BC904 /* ContentView.swift */ = {isa = PBXFileReference; lastKnownFileType = sourcecode.swift; path = ContentView.swift; sourceTree = "<group>"; };
		1148546C27487E41004BC904 /* Assets.xcassets */ = {isa = PBXFileReference; lastKnownFileType = folder.assetcatalog; path = Assets.xcassets; sourceTree = "<group>"; };
		1148546F27487E41004BC904 /* Preview Assets.xcassets */ = {isa = PBXFileReference; lastKnownFileType = folder.assetcatalog; path = "Preview Assets.xcassets"; sourceTree = "<group>"; };
		1148547527487E42004BC904 /* place-viewTests.xctest */ = {isa = PBXFileReference; explicitFileType = wrapper.cfbundle; includeInIndex = 0; path = "place-viewTests.xctest"; sourceTree = BUILT_PRODUCTS_DIR; };
		1148547927487E42004BC904 /* place_viewTests.swift */ = {isa = PBXFileReference; lastKnownFileType = sourcecode.swift; path = place_viewTests.swift; sourceTree = "<group>"; };
		1148547F27487E42004BC904 /* place-viewUITests.xctest */ = {isa = PBXFileReference; explicitFileType = wrapper.cfbundle; includeInIndex = 0; path = "place-viewUITests.xctest"; sourceTree = BUILT_PRODUCTS_DIR; };
		1148548327487E42004BC904 /* place_viewUITests.swift */ = {isa = PBXFileReference; lastKnownFileType = sourcecode.swift; path = place_viewUITests.swift; sourceTree = "<group>"; };
		1148548527487E42004BC904 /* place_viewUITestsLaunchTests.swift */ = {isa = PBXFileReference; lastKnownFileType = sourcecode.swift; path = place_viewUITestsLaunchTests.swift; sourceTree = "<group>"; };
		1148549227488018004BC904 /* City.swift */ = {isa = PBXFileReference; lastKnownFileType = sourcecode.swift; name = City.swift; path = models/City.swift; sourceTree = "<group>"; };
		1148549527488055004BC904 /* Place.swift */ = {isa = PBXFileReference; lastKnownFileType = sourcecode.swift; path = Place.swift; sourceTree = "<group>"; };
		115AF1C8275098F9005533EB /* WebcamView.swift */ = {isa = PBXFileReference; lastKnownFileType = sourcecode.swift; path = WebcamView.swift; sourceTree = "<group>"; };
		11BBD000275FE8BC00AD091A /* PlaceFavorites.swift */ = {isa = PBXFileReference; lastKnownFileType = sourcecode.swift; path = PlaceFavorites.swift; sourceTree = "<group>"; };
		11BE7E83274D258F00D3FA6B /* PlaceNavigation.swift */ = {isa = PBXFileReference; lastKnownFileType = sourcecode.swift; path = PlaceNavigation.swift; sourceTree = "<group>"; };
		11C465712759F0F900C390DC /* WebcamThumbnail.swift */ = {isa = PBXFileReference; lastKnownFileType = sourcecode.swift; path = WebcamThumbnail.swift; sourceTree = "<group>"; };
		11C5EE84275C993800A0EBC7 /* FavoriteButton.swift */ = {isa = PBXFileReference; lastKnownFileType = sourcecode.swift; path = FavoriteButton.swift; sourceTree = "<group>"; };
		11CC9D42274CD506003280A9 /* PlaceRow.swift */ = {isa = PBXFileReference; lastKnownFileType = sourcecode.swift; path = PlaceRow.swift; sourceTree = "<group>"; };
		11E65F65274A289800A70C0A /* MapView.swift */ = {isa = PBXFileReference; lastKnownFileType = sourcecode.swift; path = MapView.swift; sourceTree = "<group>"; };
		11E65F68274A2A0300A70C0A /* PlaceView.swift */ = {isa = PBXFileReference; lastKnownFileType = sourcecode.swift; path = PlaceView.swift; sourceTree = "<group>"; };
		11E65F6A274A2C5100A70C0A /* places.json */ = {isa = PBXFileReference; fileEncoding = 4; lastKnownFileType = text.json; path = places.json; sourceTree = "<group>"; };
		C404972127948D2A003F9B6A /* SettingsSheet.swift */ = {isa = PBXFileReference; lastKnownFileType = sourcecode.swift; path = SettingsSheet.swift; sourceTree = "<group>"; };
		C4BA0B4B2790BB8F00D23171 /* PlaceFetcher.swift */ = {isa = PBXFileReference; lastKnownFileType = sourcecode.swift; path = PlaceFetcher.swift; sourceTree = "<group>"; };
		C4BA0B4E2790BBEE00D23171 /* ApiClient.swift */ = {isa = PBXFileReference; lastKnownFileType = sourcecode.swift; path = ApiClient.swift; sourceTree = "<group>"; };
		C4BA0B502790BC2A00D23171 /* ApiError.swift */ = {isa = PBXFileReference; lastKnownFileType = sourcecode.swift; path = ApiError.swift; sourceTree = "<group>"; };
		C4BA0B522790BD8700D23171 /* ErrorView.swift */ = {isa = PBXFileReference; lastKnownFileType = sourcecode.swift; path = ErrorView.swift; sourceTree = "<group>"; };
		C4BA0B542790BD9700D23171 /* LoadingView.swift */ = {isa = PBXFileReference; lastKnownFileType = sourcecode.swift; path = LoadingView.swift; sourceTree = "<group>"; };
		C4C7AA4F27989A14002C40C4 /* PlaceViewModel.swift */ = {isa = PBXFileReference; lastKnownFileType = sourcecode.swift; path = PlaceViewModel.swift; sourceTree = "<group>"; };
		C4F5F1842765F637001F4C59 /* place-view.entitlements */ = {isa = PBXFileReference; lastKnownFileType = text.plist.entitlements; path = "place-view.entitlements"; sourceTree = "<group>"; };
/* End PBXFileReference section */

/* Begin PBXFrameworksBuildPhase section */
		1148546227487E3F004BC904 /* Frameworks */ = {
			isa = PBXFrameworksBuildPhase;
			buildActionMask = 2147483647;
			files = (
				C40497202793F6DB003F9B6A /* Kingfisher in Frameworks */,
			);
			runOnlyForDeploymentPostprocessing = 0;
		};
		1148547227487E42004BC904 /* Frameworks */ = {
			isa = PBXFrameworksBuildPhase;
			buildActionMask = 2147483647;
			files = (
			);
			runOnlyForDeploymentPostprocessing = 0;
		};
		1148547C27487E42004BC904 /* Frameworks */ = {
			isa = PBXFrameworksBuildPhase;
			buildActionMask = 2147483647;
			files = (
			);
			runOnlyForDeploymentPostprocessing = 0;
		};
/* End PBXFrameworksBuildPhase section */

/* Begin PBXGroup section */
		1148545C27487E3F004BC904 = {
			isa = PBXGroup;
			children = (
				1111511D2748D8C800537021 /* Readme.md */,
				1148546727487E3F004BC904 /* place-view */,
				1148547827487E42004BC904 /* place-viewTests */,
				1148548227487E42004BC904 /* place-viewUITests */,
				1148546627487E3F004BC904 /* Products */,
			);
			sourceTree = "<group>";
		};
		1148546627487E3F004BC904 /* Products */ = {
			isa = PBXGroup;
			children = (
				1148546527487E3F004BC904 /* place-view.app */,
				1148547527487E42004BC904 /* place-viewTests.xctest */,
				1148547F27487E42004BC904 /* place-viewUITests.xctest */,
			);
			name = Products;
			sourceTree = "<group>";
		};
		1148546727487E3F004BC904 /* place-view */ = {
			isa = PBXGroup;
			children = (
				C4BA0B4D2790BBDC00D23171 /* Clients */,
				11E65F62274A276700A70C0A /* Components */,
				C4F5F1842765F637001F4C59 /* place-view.entitlements */,
				1148549427488045004BC904 /* Models */,
				11BE7E82274D257700D3FA6B /* Navigations */,
				1148546827487E40004BC904 /* place_viewApp.swift */,
				1148546A27487E40004BC904 /* ContentView.swift */,
				1148546C27487E41004BC904 /* Assets.xcassets */,
				114854972748813C004BC904 /* Resources */,
				11E65F67274A29F100A70C0A /* Views */,
				C4C7AA4E279899EA002C40C4 /* ViewModels */,
				1148546E27487E41004BC904 /* Preview Content */,
				1148549227488018004BC904 /* City.swift */,
			);
			path = "place-view";
			sourceTree = "<group>";
		};
		1148546E27487E41004BC904 /* Preview Content */ = {
			isa = PBXGroup;
			children = (
				1148546F27487E41004BC904 /* Preview Assets.xcassets */,
			);
			path = "Preview Content";
			sourceTree = "<group>";
		};
		1148547827487E42004BC904 /* place-viewTests */ = {
			isa = PBXGroup;
			children = (
				1148547927487E42004BC904 /* place_viewTests.swift */,
			);
			path = "place-viewTests";
			sourceTree = "<group>";
		};
		1148548227487E42004BC904 /* place-viewUITests */ = {
			isa = PBXGroup;
			children = (
				1148548327487E42004BC904 /* place_viewUITests.swift */,
				1148548527487E42004BC904 /* place_viewUITestsLaunchTests.swift */,
			);
			path = "place-viewUITests";
			sourceTree = "<group>";
		};
		1148549427488045004BC904 /* Models */ = {
			isa = PBXGroup;
			children = (
				1148549527488055004BC904 /* Place.swift */,
				11BBD000275FE8BC00AD091A /* PlaceFavorites.swift */,
				C4BA0B4B2790BB8F00D23171 /* PlaceFetcher.swift */,
			);
			path = Models;
			sourceTree = "<group>";
		};
		114854972748813C004BC904 /* Resources */ = {
			isa = PBXGroup;
			children = (
				11E65F6A274A2C5100A70C0A /* places.json */,
			);
			path = Resources;
			sourceTree = "<group>";
		};
		11BE7E82274D257700D3FA6B /* Navigations */ = {
			isa = PBXGroup;
			children = (
				11BE7E83274D258F00D3FA6B /* PlaceNavigation.swift */,
			);
			path = Navigations;
			sourceTree = "<group>";
		};
		11E65F62274A276700A70C0A /* Components */ = {
			isa = PBXGroup;
			children = (
				11E65F65274A289800A70C0A /* MapView.swift */,
				11CC9D42274CD506003280A9 /* PlaceRow.swift */,
				115AF1C8275098F9005533EB /* WebcamView.swift */,
				11C465712759F0F900C390DC /* WebcamThumbnail.swift */,
				11C5EE84275C993800A0EBC7 /* FavoriteButton.swift */,
			);
			path = Components;
			sourceTree = "<group>";
		};
		11E65F67274A29F100A70C0A /* Views */ = {
			isa = PBXGroup;
			children = (
				11E65F68274A2A0300A70C0A /* PlaceView.swift */,
				C4BA0B522790BD8700D23171 /* ErrorView.swift */,
				C4BA0B542790BD9700D23171 /* LoadingView.swift */,
				C404972127948D2A003F9B6A /* SettingsSheet.swift */,
			);
			path = Views;
			sourceTree = "<group>";
		};
		C4BA0B4D2790BBDC00D23171 /* Clients */ = {
			isa = PBXGroup;
			children = (
				C4BA0B4E2790BBEE00D23171 /* ApiClient.swift */,
				C4BA0B502790BC2A00D23171 /* ApiError.swift */,
			);
			path = Clients;
			sourceTree = "<group>";
		};
		C4C7AA4E279899EA002C40C4 /* ViewModels */ = {
			isa = PBXGroup;
			children = (
				C4C7AA4F27989A14002C40C4 /* PlaceViewModel.swift */,
			);
			path = ViewModels;
			sourceTree = "<group>";
		};
/* End PBXGroup section */

/* Begin PBXNativeTarget section */
		1148546427487E3F004BC904 /* place-view */ = {
			isa = PBXNativeTarget;
			buildConfigurationList = 1148548927487E42004BC904 /* Build configuration list for PBXNativeTarget "place-view" */;
			buildPhases = (
				1148546127487E3F004BC904 /* Sources */,
				1148546227487E3F004BC904 /* Frameworks */,
				1148546327487E3F004BC904 /* Resources */,
			);
			buildRules = (
			);
			dependencies = (
			);
			name = "place-view";
			packageProductDependencies = (
				C404971F2793F6DB003F9B6A /* Kingfisher */,
			);
			productName = "place-view";
			productReference = 1148546527487E3F004BC904 /* place-view.app */;
			productType = "com.apple.product-type.application";
		};
		1148547427487E42004BC904 /* place-viewTests */ = {
			isa = PBXNativeTarget;
			buildConfigurationList = 1148548C27487E42004BC904 /* Build configuration list for PBXNativeTarget "place-viewTests" */;
			buildPhases = (
				1148547127487E42004BC904 /* Sources */,
				1148547227487E42004BC904 /* Frameworks */,
				1148547327487E42004BC904 /* Resources */,
			);
			buildRules = (
			);
			dependencies = (
				1148547727487E42004BC904 /* PBXTargetDependency */,
			);
			name = "place-viewTests";
			productName = "place-viewTests";
			productReference = 1148547527487E42004BC904 /* place-viewTests.xctest */;
			productType = "com.apple.product-type.bundle.unit-test";
		};
		1148547E27487E42004BC904 /* place-viewUITests */ = {
			isa = PBXNativeTarget;
			buildConfigurationList = 1148548F27487E42004BC904 /* Build configuration list for PBXNativeTarget "place-viewUITests" */;
			buildPhases = (
				1148547B27487E42004BC904 /* Sources */,
				1148547C27487E42004BC904 /* Frameworks */,
				1148547D27487E42004BC904 /* Resources */,
			);
			buildRules = (
			);
			dependencies = (
				1148548127487E42004BC904 /* PBXTargetDependency */,
			);
			name = "place-viewUITests";
			productName = "place-viewUITests";
			productReference = 1148547F27487E42004BC904 /* place-viewUITests.xctest */;
			productType = "com.apple.product-type.bundle.ui-testing";
		};
/* End PBXNativeTarget section */

/* Begin PBXProject section */
		1148545D27487E3F004BC904 /* Project object */ = {
			isa = PBXProject;
			attributes = {
				BuildIndependentTargetsInParallel = 1;
				LastSwiftUpdateCheck = 1310;
				LastUpgradeCheck = 2620;
				TargetAttributes = {
					1148546427487E3F004BC904 = {
						CreatedOnToolsVersion = 13.1;
					};
					1148547427487E42004BC904 = {
						CreatedOnToolsVersion = 13.1;
						TestTargetID = 1148546427487E3F004BC904;
					};
					1148547E27487E42004BC904 = {
						CreatedOnToolsVersion = 13.1;
						TestTargetID = 1148546427487E3F004BC904;
					};
				};
			};
			buildConfigurationList = 1148546027487E3F004BC904 /* Build configuration list for PBXProject "place-view" */;
			compatibilityVersion = "Xcode 15.3";
			developmentRegion = en;
			hasScannedForEncodings = 0;
			knownRegions = (
				en,
				Base,
			);
			mainGroup = 1148545C27487E3F004BC904;
			packageReferences = (
				C404971E2793F6DB003F9B6A /* XCRemoteSwiftPackageReference "Kingfisher" */,
			);
			productRefGroup = 1148546627487E3F004BC904 /* Products */;
			projectDirPath = "";
			projectRoot = "";
			targets = (
				1148546427487E3F004BC904 /* place-view */,
				1148547427487E42004BC904 /* place-viewTests */,
				1148547E27487E42004BC904 /* place-viewUITests */,
			);
		};
/* End PBXProject section */

/* Begin PBXResourcesBuildPhase section */
		1148546327487E3F004BC904 /* Resources */ = {
			isa = PBXResourcesBuildPhase;
			buildActionMask = 2147483647;
			files = (
				11E65F6B274A2C5100A70C0A /* places.json in Resources */,
				1148547027487E41004BC904 /* Preview Assets.xcassets in Resources */,
				1148546D27487E41004BC904 /* Assets.xcassets in Resources */,
			);
			runOnlyForDeploymentPostprocessing = 0;
		};
		1148547327487E42004BC904 /* Resources */ = {
			isa = PBXResourcesBuildPhase;
			buildActionMask = 2147483647;
			files = (
			);
			runOnlyForDeploymentPostprocessing = 0;
		};
		1148547D27487E42004BC904 /* Resources */ = {
			isa = PBXResourcesBuildPhase;
			buildActionMask = 2147483647;
			files = (
			);
			runOnlyForDeploymentPostprocessing = 0;
		};
/* End PBXResourcesBuildPhase section */

/* Begin PBXSourcesBuildPhase section */
		1148546127487E3F004BC904 /* Sources */ = {
			isa = PBXSourcesBuildPhase;
			buildActionMask = 2147483647;
			files = (
				C4BA0B4C2790BB8F00D23171 /* PlaceFetcher.swift in Sources */,
				1148546B27487E40004BC904 /* ContentView.swift in Sources */,
				11C465722759F0F900C390DC /* WebcamThumbnail.swift in Sources */,
				C4BA0B552790BD9700D23171 /* LoadingView.swift in Sources */,
				11E65F66274A289800A70C0A /* MapView.swift in Sources */,
				C404972227948D2A003F9B6A /* SettingsSheet.swift in Sources */,
				1148546927487E40004BC904 /* place_viewApp.swift in Sources */,
				1148549627488055004BC904 /* Place.swift in Sources */,
				C4BA0B4F2790BBEE00D23171 /* ApiClient.swift in Sources */,
				C4C7AA5027989A14002C40C4 /* PlaceViewModel.swift in Sources */,
				C4BA0B512790BC2A00D23171 /* ApiError.swift in Sources */,
				115AF1C9275098F9005533EB /* WebcamView.swift in Sources */,
				11E65F69274A2A0300A70C0A /* PlaceView.swift in Sources */,
				11CC9D43274CD506003280A9 /* PlaceRow.swift in Sources */,
				11C5EE85275C993800A0EBC7 /* FavoriteButton.swift in Sources */,
				11BE7E84274D258F00D3FA6B /* PlaceNavigation.swift in Sources */,
				11BBD001275FE8BC00AD091A /* PlaceFavorites.swift in Sources */,
				C4BA0B532790BD8700D23171 /* ErrorView.swift in Sources */,
			);
			runOnlyForDeploymentPostprocessing = 0;
		};
		1148547127487E42004BC904 /* Sources */ = {
			isa = PBXSourcesBuildPhase;
			buildActionMask = 2147483647;
			files = (
				1148547A27487E42004BC904 /* place_viewTests.swift in Sources */,
			);
			runOnlyForDeploymentPostprocessing = 0;
		};
		1148547B27487E42004BC904 /* Sources */ = {
			isa = PBXSourcesBuildPhase;
			buildActionMask = 2147483647;
			files = (
				1148548427487E42004BC904 /* place_viewUITests.swift in Sources */,
				1148548627487E42004BC904 /* place_viewUITestsLaunchTests.swift in Sources */,
			);
			runOnlyForDeploymentPostprocessing = 0;
		};
/* End PBXSourcesBuildPhase section */

/* Begin PBXTargetDependency section */
		1148547727487E42004BC904 /* PBXTargetDependency */ = {
			isa = PBXTargetDependency;
			target = 1148546427487E3F004BC904 /* place-view */;
			targetProxy = 1148547627487E42004BC904 /* PBXContainerItemProxy */;
		};
		1148548127487E42004BC904 /* PBXTargetDependency */ = {
			isa = PBXTargetDependency;
			target = 1148546427487E3F004BC904 /* place-view */;
			targetProxy = 1148548027487E42004BC904 /* PBXContainerItemProxy */;
		};
/* End PBXTargetDependency section */

/* Begin XCBuildConfiguration section */
		1148548727487E42004BC904 /* Debug */ = {
			isa = XCBuildConfiguration;
			buildSettings = {
				ALWAYS_SEARCH_USER_PATHS = NO;
				CLANG_ANALYZER_NONNULL = YES;
				CLANG_ANALYZER_NUMBER_OBJECT_CONVERSION = YES_AGGRESSIVE;
				CLANG_CXX_LANGUAGE_STANDARD = "gnu++17";
				CLANG_CXX_LIBRARY = "libc++";
				CLANG_ENABLE_MODULES = YES;
				CLANG_ENABLE_OBJC_ARC = YES;
				CLANG_ENABLE_OBJC_WEAK = YES;
				CLANG_WARN_BLOCK_CAPTURE_AUTORELEASING = YES;
				CLANG_WARN_BOOL_CONVERSION = YES;
				CLANG_WARN_COMMA = YES;
				CLANG_WARN_CONSTANT_CONVERSION = YES;
				CLANG_WARN_DEPRECATED_OBJC_IMPLEMENTATIONS = YES;
				CLANG_WARN_DIRECT_OBJC_ISA_USAGE = YES_ERROR;
				CLANG_WARN_DOCUMENTATION_COMMENTS = YES;
				CLANG_WARN_EMPTY_BODY = YES;
				CLANG_WARN_ENUM_CONVERSION = YES;
				CLANG_WARN_INFINITE_RECURSION = YES;
				CLANG_WARN_INT_CONVERSION = YES;
				CLANG_WARN_NON_LITERAL_NULL_CONVERSION = YES;
				CLANG_WARN_OBJC_IMPLICIT_RETAIN_SELF = YES;
				CLANG_WARN_OBJC_LITERAL_CONVERSION = YES;
				CLANG_WARN_OBJC_ROOT_CLASS = YES_ERROR;
				CLANG_WARN_QUOTED_INCLUDE_IN_FRAMEWORK_HEADER = YES;
				CLANG_WARN_RANGE_LOOP_ANALYSIS = YES;
				CLANG_WARN_STRICT_PROTOTYPES = YES;
				CLANG_WARN_SUSPICIOUS_MOVE = YES;
				CLANG_WARN_UNGUARDED_AVAILABILITY = YES_AGGRESSIVE;
				CLANG_WARN_UNREACHABLE_CODE = YES;
				CLANG_WARN__DUPLICATE_METHOD_MATCH = YES;
				CODE_SIGN_IDENTITY = "Apple Development";
				COPY_PHASE_STRIP = NO;
				DEBUG_INFORMATION_FORMAT = dwarf;
				DEVELOPMENT_TEAM = 92R7KPAV7W;
				ENABLE_STRICT_OBJC_MSGSEND = YES;
				ENABLE_TESTABILITY = YES;
				ENABLE_USER_SCRIPT_SANDBOXING = YES;
				GCC_C_LANGUAGE_STANDARD = gnu11;
				GCC_DYNAMIC_NO_PIC = NO;
				GCC_NO_COMMON_BLOCKS = YES;
				GCC_OPTIMIZATION_LEVEL = 0;
				GCC_PREPROCESSOR_DEFINITIONS = (
					"DEBUG=1",
					"$(inherited)",
				);
				GCC_WARN_64_TO_32_BIT_CONVERSION = YES;
				GCC_WARN_ABOUT_RETURN_TYPE = YES_ERROR;
				GCC_WARN_UNDECLARED_SELECTOR = YES;
				GCC_WARN_UNINITIALIZED_AUTOS = YES_AGGRESSIVE;
				GCC_WARN_UNUSED_FUNCTION = YES;
				GCC_WARN_UNUSED_VARIABLE = YES;
				IPHONEOS_DEPLOYMENT_TARGET = 15.0;
				MTL_ENABLE_DEBUG_INFO = INCLUDE_SOURCE;
				MTL_FAST_MATH = YES;
				ONLY_ACTIVE_ARCH = YES;
				SDKROOT = iphoneos;
				STRING_CATALOG_GENERATE_SYMBOLS = YES;
				SWIFT_ACTIVE_COMPILATION_CONDITIONS = DEBUG;
				SWIFT_OPTIMIZATION_LEVEL = "-Onone";
			};
			name = Debug;
		};
		1148548827487E42004BC904 /* Release */ = {
			isa = XCBuildConfiguration;
			buildSettings = {
				ALWAYS_SEARCH_USER_PATHS = NO;
				CLANG_ANALYZER_NONNULL = YES;
				CLANG_ANALYZER_NUMBER_OBJECT_CONVERSION = YES_AGGRESSIVE;
				CLANG_CXX_LANGUAGE_STANDARD = "gnu++17";
				CLANG_CXX_LIBRARY = "libc++";
				CLANG_ENABLE_MODULES = YES;
				CLANG_ENABLE_OBJC_ARC = YES;
				CLANG_ENABLE_OBJC_WEAK = YES;
				CLANG_WARN_BLOCK_CAPTURE_AUTORELEASING = YES;
				CLANG_WARN_BOOL_CONVERSION = YES;
				CLANG_WARN_COMMA = YES;
				CLANG_WARN_CONSTANT_CONVERSION = YES;
				CLANG_WARN_DEPRECATED_OBJC_IMPLEMENTATIONS = YES;
				CLANG_WARN_DIRECT_OBJC_ISA_USAGE = YES_ERROR;
				CLANG_WARN_DOCUMENTATION_COMMENTS = YES;
				CLANG_WARN_EMPTY_BODY = YES;
				CLANG_WARN_ENUM_CONVERSION = YES;
				CLANG_WARN_INFINITE_RECURSION = YES;
				CLANG_WARN_INT_CONVERSION = YES;
				CLANG_WARN_NON_LITERAL_NULL_CONVERSION = YES;
				CLANG_WARN_OBJC_IMPLICIT_RETAIN_SELF = YES;
				CLANG_WARN_OBJC_LITERAL_CONVERSION = YES;
				CLANG_WARN_OBJC_ROOT_CLASS = YES_ERROR;
				CLANG_WARN_QUOTED_INCLUDE_IN_FRAMEWORK_HEADER = YES;
				CLANG_WARN_RANGE_LOOP_ANALYSIS = YES;
				CLANG_WARN_STRICT_PROTOTYPES = YES;
				CLANG_WARN_SUSPICIOUS_MOVE = YES;
				CLANG_WARN_UNGUARDED_AVAILABILITY = YES_AGGRESSIVE;
				CLANG_WARN_UNREACHABLE_CODE = YES;
				CLANG_WARN__DUPLICATE_METHOD_MATCH = YES;
				CODE_SIGN_IDENTITY = "Apple Development";
				COPY_PHASE_STRIP = NO;
				DEBUG_INFORMATION_FORMAT = "dwarf-with-dsym";
				DEVELOPMENT_TEAM = 92R7KPAV7W;
				ENABLE_NS_ASSERTIONS = NO;
				ENABLE_STRICT_OBJC_MSGSEND = YES;
				ENABLE_USER_SCRIPT_SANDBOXING = YES;
				GCC_C_LANGUAGE_STANDARD = gnu11;
				GCC_NO_COMMON_BLOCKS = YES;
				GCC_WARN_64_TO_32_BIT_CONVERSION = YES;
				GCC_WARN_ABOUT_RETURN_TYPE = YES_ERROR;
				GCC_WARN_UNDECLARED_SELECTOR = YES;
				GCC_WARN_UNINITIALIZED_AUTOS = YES_AGGRESSIVE;
				GCC_WARN_UNUSED_FUNCTION = YES;
				GCC_WARN_UNUSED_VARIABLE = YES;
				IPHONEOS_DEPLOYMENT_TARGET = 15.0;
				MTL_ENABLE_DEBUG_INFO = NO;
				MTL_FAST_MATH = YES;
				SDKROOT = iphoneos;
				STRING_CATALOG_GENERATE_SYMBOLS = YES;
				SWIFT_COMPILATION_MODE = wholemodule;
				SWIFT_OPTIMIZATION_LEVEL = "-O";
				VALIDATE_PRODUCT = YES;
			};
			name = Release;
		};
		1148548A27487E42004BC904 /* Debug */ = {
			isa = XCBuildConfiguration;
			buildSettings = {
				ASSETCATALOG_COMPILER_APPICON_NAME = AppIcon;
				ASSETCATALOG_COMPILER_GLOBAL_ACCENT_COLOR_NAME = AccentColor;
				CODE_SIGN_ENTITLEMENTS = "place-view/place-view.entitlements";
				"CODE_SIGN_IDENTITY[sdk=macosx*]" = "Apple Development";
				CODE_SIGN_STYLE = Automatic;
				CURRENT_PROJECT_VERSION = 1;
				DEVELOPMENT_ASSET_PATHS = "\"place-view/Preview Content\"";
				ENABLE_PREVIEWS = YES;
				GENERATE_INFOPLIST_FILE = YES;
				INFOPLIST_KEY_UIApplicationSceneManifest_Generation = YES;
				INFOPLIST_KEY_UIApplicationSupportsIndirectInputEvents = YES;
				INFOPLIST_KEY_UILaunchScreen_Generation = YES;
				INFOPLIST_KEY_UISupportedInterfaceOrientations_iPad = "UIInterfaceOrientationPortrait UIInterfaceOrientationPortraitUpsideDown UIInterfaceOrientationLandscapeLeft UIInterfaceOrientationLandscapeRight";
				INFOPLIST_KEY_UISupportedInterfaceOrientations_iPhone = "UIInterfaceOrientationPortrait UIInterfaceOrientationLandscapeLeft UIInterfaceOrientationLandscapeRight";
				IPHONEOS_DEPLOYMENT_TARGET = 26.0;
				LD_RUNPATH_SEARCH_PATHS = (
					"$(inherited)",
					"@executable_path/Frameworks",
				);
				MARKETING_VERSION = 0.1.0;
				PRODUCT_BUNDLE_IDENTIFIER = "fr.jousse.place-view";
				PRODUCT_NAME = "$(TARGET_NAME)";
				SUPPORTS_MACCATALYST = YES;
				SWIFT_EMIT_LOC_STRINGS = YES;
				SWIFT_VERSION = 5.0;
				TARGETED_DEVICE_FAMILY = "1,2,6";
			};
			name = Debug;
		};
		1148548B27487E42004BC904 /* Release */ = {
			isa = XCBuildConfiguration;
			buildSettings = {
				ASSETCATALOG_COMPILER_APPICON_NAME = AppIcon;
				ASSETCATALOG_COMPILER_GLOBAL_ACCENT_COLOR_NAME = AccentColor;
				CODE_SIGN_ENTITLEMENTS = "place-view/place-view.entitlements";
				"CODE_SIGN_IDENTITY[sdk=macosx*]" = "Apple Development";
				CODE_SIGN_STYLE = Automatic;
				CURRENT_PROJECT_VERSION = 1;
				DEVELOPMENT_ASSET_PATHS = "\"place-view/Preview Content\"";
				ENABLE_PREVIEWS = YES;
				GENERATE_INFOPLIST_FILE = YES;
				INFOPLIST_KEY_UIApplicationSceneManifest_Generation = YES;
				INFOPLIST_KEY_UIApplicationSupportsIndirectInputEvents = YES;
				INFOPLIST_KEY_UILaunchScreen_Generation = YES;
				INFOPLIST_KEY_UISupportedInterfaceOrientations_iPad = "UIInterfaceOrientationPortrait UIInterfaceOrientationPortraitUpsideDown UIInterfaceOrientationLandscapeLeft UIInterfaceOrientationLandscapeRight";
				INFOPLIST_KEY_UISupportedInterfaceOrientations_iPhone = "UIInterfaceOrientationPortrait UIInterfaceOrientationLandscapeLeft UIInterfaceOrientationLandscapeRight";
				IPHONEOS_DEPLOYMENT_TARGET = 26.0;
				LD_RUNPATH_SEARCH_PATHS = (
					"$(inherited)",
					"@executable_path/Frameworks",
				);
				MARKETING_VERSION = 0.1.0;
				PRODUCT_BUNDLE_IDENTIFIER = "fr.jousse.place-view";
				PRODUCT_NAME = "$(TARGET_NAME)";
				SUPPORTS_MACCATALYST = YES;
				SWIFT_EMIT_LOC_STRINGS = YES;
				SWIFT_VERSION = 5.0;
				TARGETED_DEVICE_FAMILY = "1,2,6";
			};
			name = Release;
		};
		1148548D27487E42004BC904 /* Debug */ = {
			isa = XCBuildConfiguration;
			buildSettings = {
				BUNDLE_LOADER = "$(TEST_HOST)";
				"CODE_SIGN_IDENTITY[sdk=macosx*]" = "Apple Development";
				CODE_SIGN_STYLE = Automatic;
				CURRENT_PROJECT_VERSION = 1;
				GENERATE_INFOPLIST_FILE = YES;
				IPHONEOS_DEPLOYMENT_TARGET = 15.0;
				LD_RUNPATH_SEARCH_PATHS = (
					"$(inherited)",
					"@executable_path/Frameworks",
					"@loader_path/Frameworks",
				);
				MARKETING_VERSION = 1.0;
				PRODUCT_BUNDLE_IDENTIFIER = "fr.jousse.place-viewTests";
				PRODUCT_NAME = "$(TARGET_NAME)";
				SWIFT_EMIT_LOC_STRINGS = NO;
				SWIFT_VERSION = 5.0;
				TARGETED_DEVICE_FAMILY = "1,2";
				TEST_HOST = "$(BUILT_PRODUCTS_DIR)/place-view.app/place-view";
			};
			name = Debug;
		};
		1148548E27487E42004BC904 /* Release */ = {
			isa = XCBuildConfiguration;
			buildSettings = {
				BUNDLE_LOADER = "$(TEST_HOST)";
				"CODE_SIGN_IDENTITY[sdk=macosx*]" = "Apple Development";
				CODE_SIGN_STYLE = Automatic;
				CURRENT_PROJECT_VERSION = 1;
				GENERATE_INFOPLIST_FILE = YES;
				IPHONEOS_DEPLOYMENT_TARGET = 15.0;
				LD_RUNPATH_SEARCH_PATHS = (
					"$(inherited)",
					"@executable_path/Frameworks",
					"@loader_path/Frameworks",
				);
				MARKETING_VERSION = 1.0;
				PRODUCT_BUNDLE_IDENTIFIER = "fr.jousse.place-viewTests";
				PRODUCT_NAME = "$(TARGET_NAME)";
				SWIFT_EMIT_LOC_STRINGS = NO;
				SWIFT_VERSION = 5.0;
				TARGETED_DEVICE_FAMILY = "1,2";
				TEST_HOST = "$(BUILT_PRODUCTS_DIR)/place-view.app/place-view";
			};
			name = Release;
		};
		1148549027487E42004BC904 /* Debug */ = {
			isa = XCBuildConfiguration;
			buildSettings = {
				CODE_SIGN_STYLE = Automatic;
				CURRENT_PROJECT_VERSION = 1;
				GENERATE_INFOPLIST_FILE = YES;
				LD_RUNPATH_SEARCH_PATHS = (
					"$(inherited)",
					"@executable_path/Frameworks",
					"@loader_path/Frameworks",
				);
				MARKETING_VERSION = 1.0;
				PRODUCT_BUNDLE_IDENTIFIER = "fr.jousse.place-viewUITests";
				PRODUCT_NAME = "$(TARGET_NAME)";
				SWIFT_EMIT_LOC_STRINGS = NO;
				SWIFT_VERSION = 5.0;
				TARGETED_DEVICE_FAMILY = "1,2";
				TEST_TARGET_NAME = "place-view";
			};
			name = Debug;
		};
		1148549127487E42004BC904 /* Release */ = {
			isa = XCBuildConfiguration;
			buildSettings = {
				CODE_SIGN_STYLE = Automatic;
				CURRENT_PROJECT_VERSION = 1;
				GENERATE_INFOPLIST_FILE = YES;
				LD_RUNPATH_SEARCH_PATHS = (
					"$(inherited)",
					"@executable_path/Frameworks",
					"@loader_path/Frameworks",
				);
				MARKETING_VERSION = 1.0;
				PRODUCT_BUNDLE_IDENTIFIER = "fr.jousse.place-viewUITests";
				PRODUCT_NAME = "$(TARGET_NAME)";
				SWIFT_EMIT_LOC_STRINGS = NO;
				SWIFT_VERSION = 5.0;
				TARGETED_DEVICE_FAMILY = "1,2";
				TEST_TARGET_NAME = "place-view";
			};
			name = Release;
		};
/* End XCBuildConfiguration section */

/* Begin XCConfigurationList section */
		1148546027487E3F004BC904 /* Build configuration list for PBXProject "place-view" */ = {
			isa = XCConfigurationList;
			buildConfigurations = (
				1148548727487E42004BC904 /* Debug */,
				1148548827487E42004BC904 /* Release */,
			);
			defaultConfigurationIsVisible = 0;
			defaultConfigurationName = Release;
		};
		1148548927487E42004BC904 /* Build configuration list for PBXNativeTarget "place-view" */ = {
			isa = XCConfigurationList;
			buildConfigurations = (
				1148548A27487E42004BC904 /* Debug */,
				1148548B27487E42004BC904 /* Release */,
			);
			defaultConfigurationIsVisible = 0;
			defaultConfigurationName = Release;
		};
		1148548C27487E42004BC904 /* Build configuration list for PBXNativeTarget "place-viewTests" */ = {
			isa = XCConfigurationList;
			buildConfigurations = (
				1148548D27487E42004BC904 /* Debug */,
				1148548E27487E42004BC904 /* Release */,
			);
			defaultConfigurationIsVisible = 0;
			defaultConfigurationName = Release;
		};
		1148548F27487E42004BC904 /* Build configuration list for PBXNativeTarget "place-viewUITests" */ = {
			isa = XCConfigurationList;
			buildConfigurations = (
				1148549027487E42004BC904 /* Debug */,
				1148549127487E42004BC904 /* Release */,
			);
			defaultConfigurationIsVisible = 0;
			defaultConfigurationName = Release;
		};
/* End XCConfigurationList section */

/* Begin XCRemoteSwiftPackageReference section */
		C404971E2793F6DB003F9B6A /* XCRemoteSwiftPackageReference "Kingfisher" */ = {
			isa = XCRemoteSwiftPackageReference;
			repositoryURL = "https://github.com/onevcat/Kingfisher";
			requirement = {
				kind = upToNextMajorVersion;
				minimumVersion = 7.0.0;
			};
		};
/* End XCRemoteSwiftPackageReference section */

/* Begin XCSwiftPackageProductDependency section */
		C404971F2793F6DB003F9B6A /* Kingfisher */ = {
			isa = XCSwiftPackageProductDependency;
			package = C404971E2793F6DB003F9B6A /* XCRemoteSwiftPackageReference "Kingfisher" */;
			productName = Kingfisher;
		};
/* End XCSwiftPackageProductDependency section */
	};
	rootObject = 1148545D27487E3F004BC904 /* Project object */;
}
